
Microsoft Visual Studio Solution File, Format Version 12.00
# Visual Studio Version 16
VisualStudioVersion = 16.0.32630.194
MinimumVisualStudioVersion = 10.0.40219.1
Project("{FAE04EC0-301F-11D3-BF4B-00C04F79EFBC}") = "task2", "task2\task2.csproj", "{3CFD0CEC-D96E-47B6-B03E-2A3100015E8E}"
EndProject
Global
	GlobalSection(SolutionConfigurationPlatforms) = preSolution
		Debug|Any CPU = Debug|Any CPU
		Release|Any CPU = Release|Any CPU
	EndGlobalSection
	GlobalSection(ProjectConfigurationPlatforms) = postSolution
		{3CFD0CEC-D96E-47B6-B03E-2A3100015E8E}.Debug|Any CPU.ActiveCfg = Debug|Any CPU
		{3CFD0CEC-D96E-47B6-B03E-2A3100015E8E}.Debug|Any CPU.Build.0 = Debug|Any CPU
		{3CFD0CEC-D96E-47B6-B03E-2A3100015E8E}.Release|Any CPU.ActiveCfg = Release|Any CPU
		{3CFD0CEC-D96E-47B6-B03E-2A3100015E8E}.Release|Any CPU.Build.0 = Release|Any CPU
	EndGlobalSection
	GlobalSection(SolutionProperties) = preSolution
		HideSolutionNode = FALSE
	EndGlobalSection
	GlobalSection(ExtensibilityGlobals) = postSolution
		SolutionGuid = {BF1A029D-36B5-400C-8848-37241256FC08}
	EndGlobalSection
EndGlobal
